<?xml version="1.0" encoding="utf-8"?>
<Project ToolsVersion="4.0" xmlns="http://schemas.microsoft.com/developer/msbuild/2003">
  <ItemGroup>
    <Filter Include="Source Files">
      <UniqueIdentifier>{0c978dc0-5c0c-4ac2-b9b8-99ed3720d3d5}</UniqueIdentifier>
    </Filter>
    <Filter Include="Generated Files">
      <UniqueIdentifier>{6e6f629d-5c8e-4e1d-ac67-a1fa9ac8d8da}</UniqueIdentifier>
      <SourceControlFiles>False</SourceControlFiles>
    </Filter>
  </ItemGroup>
  <ItemGroup>
    <None Include="ATLMathServerps.def" />
  </ItemGroup>
  <ItemGroup>
    <ClCompile Include="ATLMathServer_i.c">
      <Filter>Generated Files</Filter>
    </ClCompile>
    <ClCompile Include="ATLMathServer_p.c">
      <Filter>Generated Files</Filter>
    </ClCompile>
    <ClCompile Include="dlldata.c">
      <Filter>Generated Files</Filter>
    </ClCompile>
  </ItemGroup>
</Project>