
Microsoft Visual Studio Solution File, Format Version 12.00
# Visual Studio 2013
VisualStudioVersion = 12.0.21005.1
MinimumVisualStudioVersion = 10.0.40219.1
Project("{2150E333-8FDC-42A3-9474-1A3956D46DE8}") = "Lesson01", "Lesson01", "{19B072A2-E172-433F-857A-FF471BF110C4}"
EndProject
Project("{8BC9CEB8-8B4A-11D0-8D11-00A0C91BC942}") = "ConsoleTester", "Lesson1\ConsoleTester\ConsoleTester.vcxproj", "{22DCD246-86B1-443A-86B4-11D16621A459}"
EndProject
Project("{8BC9CEB8-8B4A-11D0-8D11-00A0C91BC942}") = "Library", "Lesson1\Library\Library.vcxproj", "{49430066-8FB4-4215-A81C-3F98A38EB01C}"
EndProject
Project("{2150E333-8FDC-42A3-9474-1A3956D46DE8}") = "Lesson02", "Lesson02", "{A5D8BAFA-605A-4C8C-A863-9D92E7773D4C}"
EndProject
Project("{8BC9CEB8-8B4A-11D0-8D11-00A0C91BC942}") = "ConsoleProgram", "PlugInDLL\PlugInDLL.vcxproj", "{6501020E-AACB-437E-86FB-8F51513A36B9}"
EndProject
Project("{8BC9CEB8-8B4A-11D0-8D11-00A0C91BC942}") = "Lab2_headers", "Lab2_headers\Lab2_headers.vcxproj", "{08C82ECB-DDC9-4B05-9133-EB69B926E75C}"
EndProject
Project("{8BC9CEB8-8B4A-11D0-8D11-00A0C91BC942}") = "CDLL", "CDLL\CDLL.vcxproj", "{F46B62DB-D0A6-483E-8C1A-48141BED8E49}"
EndProject
Project("{2150E333-8FDC-42A3-9474-1A3956D46DE8}") = "Lesson03", "Lesson03", "{1B8EDB9A-9184-4B86-AB05-86954C930432}"
EndProject
Project("{8BC9CEB8-8B4A-11D0-8D11-00A0C91BC942}") = "ATLMathServer", "ATLMathServer\ATLMathServer.vcxproj", "{DB8659AE-0C62-4A3C-9ADB-8EAFD16F25E0}"
EndProject
Project("{8BC9CEB8-8B4A-11D0-8D11-00A0C91BC942}") = "ATLMathServerPS", "ATLMathServer\ATLMathServerPS.vcxproj", "{7E80AE8C-5A12-44B0-809A-3F2C02D899C7}"
	ProjectSection(ProjectDependencies) = postProject
		{DB8659AE-0C62-4A3C-9ADB-8EAFD16F25E0} = {DB8659AE-0C62-4A3C-9ADB-8EAFD16F25E0}
	EndProjectSection
EndProject
Project("{2150E333-8FDC-42A3-9474-1A3956D46DE8}") = "Lesson04", "Lesson04", "{128419CE-815C-4BB0-A382-5766B4B57076}"
EndProject
Project("{FAE04EC0-301F-11D3-BF4B-00C04F79EFBC}") = "CprDLL", "CprDLL\CprDLL.csproj", "{C4C29EAB-60D7-4860-91F8-17BFC76EC1F2}"
EndProject
Project("{FAE04EC0-301F-11D3-BF4B-00C04F79EFBC}") = "CprCheckDll", "CprCheckDll\CprCheckDll.csproj", "{80EFBC74-A9AA-49B6-BBD9-E25CA19787C6}"
EndProject
Project("{2150E333-8FDC-42A3-9474-1A3956D46DE8}") = "Lesson07", "Lesson07", "{C6A4D8D0-B95E-4654-8021-60758C4E4E3B}"
EndProject
Project("{FAE04EC0-301F-11D3-BF4B-00C04F79EFBC}") = "MEFLab", "MEFLab\MEFLab.csproj", "{26A7F439-C6FF-4110-8CAE-E84A9C6CC748}"
EndProject
Project("{FAE04EC0-301F-11D3-BF4B-00C04F79EFBC}") = "MEFTester", "MEFTester\MEFTester.csproj", "{B6FFC4EA-0835-43DF-9168-8B08CBC495D3}"
EndProject
Project("{2150E333-8FDC-42A3-9474-1A3956D46DE8}") = "Lesson08", "Lesson08", "{5A458D67-2A1D-4701-B592-C535D789AB71}"
EndProject
Project("{FAE04EC0-301F-11D3-BF4B-00C04F79EFBC}") = "PrismApplication", "PrismApplication\PrismApplication.csproj", "{ADE03623-6E04-4CAF-A60C-1092DB1C6A6C}"
EndProject
Project("{FAE04EC0-301F-11D3-BF4B-00C04F79EFBC}") = "PrismModules", "PrismModules\PrismModules.csproj", "{BC2EC464-62A5-40C6-845D-4F7074F8FDD4}"
EndProject
Project("{FAE04EC0-301F-11D3-BF4B-00C04F79EFBC}") = "HelloWorldModule", "HelloWorldModule\HelloWorldModule.csproj", "{FB58340D-C644-47E9-B214-F3BD10BC2AEE}"
EndProject
Project("{2150E333-8FDC-42A3-9474-1A3956D46DE8}") = "Lesson09", "Lesson09", "{FB3FEB23-3F16-41C3-91F9-3D3B33CA849B}"
EndProject
Project("{8BC9CEB8-8B4A-11D0-8D11-00A0C91BC942}") = "DllWithCallBack", "Lab9_Pinvoke\DllWithCallBack\DllWithCallBack.vcxproj", "{8AA1DFEC-BFE4-43B9-BE3F-72562688F708}"
EndProject
Project("{FAE04EC0-301F-11D3-BF4B-00C04F79EFBC}") = "Lab9_Pinvoke", "Lab9_Pinvoke\Lab9_Pinvoke\Lab9_Pinvoke.csproj", "{CB02204F-5D8E-4FE6-98E4-240DBB46423B}"
EndProject
Project("{8BC9CEB8-8B4A-11D0-8D11-00A0C91BC942}") = "UnmanagedDll", "Lab9_Pinvoke\UnmanagedDll\UnmanagedDll.vcxproj", "{E4D4FB3B-7914-4B50-9A08-D10960D2F01F}"
EndProject
Global
	GlobalSection(SolutionConfigurationPlatforms) = preSolution
		Debug|Any CPU = Debug|Any CPU
		Debug|Mixed Platforms = Debug|Mixed Platforms
		Debug|Win32 = Debug|Win32
		Release|Any CPU = Release|Any CPU
		Release|Mixed Platforms = Release|Mixed Platforms
		Release|Win32 = Release|Win32
	EndGlobalSection
	GlobalSection(ProjectConfigurationPlatforms) = postSolution
		{22DCD246-86B1-443A-86B4-11D16621A459}.Debug|Any CPU.ActiveCfg = Debug|Win32
		{22DCD246-86B1-443A-86B4-11D16621A459}.Debug|Mixed Platforms.ActiveCfg = Debug|Win32
		{22DCD246-86B1-443A-86B4-11D16621A459}.Debug|Mixed Platforms.Build.0 = Debug|Win32
		{22DCD246-86B1-443A-86B4-11D16621A459}.Debug|Win32.ActiveCfg = Debug|Win32
		{22DCD246-86B1-443A-86B4-11D16621A459}.Debug|Win32.Build.0 = Debug|Win32
		{22DCD246-86B1-443A-86B4-11D16621A459}.Release|Any CPU.ActiveCfg = Release|Win32
		{22DCD246-86B1-443A-86B4-11D16621A459}.Release|Mixed Platforms.ActiveCfg = Release|Win32
		{22DCD246-86B1-443A-86B4-11D16621A459}.Release|Mixed Platforms.Build.0 = Release|Win32
		{22DCD246-86B1-443A-86B4-11D16621A459}.Release|Win32.ActiveCfg = Release|Win32
		{22DCD246-86B1-443A-86B4-11D16621A459}.Release|Win32.Build.0 = Release|Win32
		{49430066-8FB4-4215-A81C-3F98A38EB01C}.Debug|Any CPU.ActiveCfg = Debug|Win32
		{49430066-8FB4-4215-A81C-3F98A38EB01C}.Debug|Mixed Platforms.ActiveCfg = Debug|Win32
		{49430066-8FB4-4215-A81C-3F98A38EB01C}.Debug|Mixed Platforms.Build.0 = Debug|Win32
		{49430066-8FB4-4215-A81C-3F98A38EB01C}.Debug|Win32.ActiveCfg = Debug|Win32
		{49430066-8FB4-4215-A81C-3F98A38EB01C}.Debug|Win32.Build.0 = Debug|Win32
		{49430066-8FB4-4215-A81C-3F98A38EB01C}.Release|Any CPU.ActiveCfg = Release|Win32
		{49430066-8FB4-4215-A81C-3F98A38EB01C}.Release|Mixed Platforms.ActiveCfg = Release|Win32
		{49430066-8FB4-4215-A81C-3F98A38EB01C}.Release|Mixed Platforms.Build.0 = Release|Win32
		{49430066-8FB4-4215-A81C-3F98A38EB01C}.Release|Win32.ActiveCfg = Release|Win32
		{49430066-8FB4-4215-A81C-3F98A38EB01C}.Release|Win32.Build.0 = Release|Win32
		{6501020E-AACB-437E-86FB-8F51513A36B9}.Debug|Any CPU.ActiveCfg = Debug|Win32
		{6501020E-AACB-437E-86FB-8F51513A36B9}.Debug|Mixed Platforms.ActiveCfg = Debug|Win32
		{6501020E-AACB-437E-86FB-8F51513A36B9}.Debug|Mixed Platforms.Build.0 = Debug|Win32
		{6501020E-AACB-437E-86FB-8F51513A36B9}.Debug|Win32.ActiveCfg = Debug|Win32
		{6501020E-AACB-437E-86FB-8F51513A36B9}.Debug|Win32.Build.0 = Debug|Win32
		{6501020E-AACB-437E-86FB-8F51513A36B9}.Release|Any CPU.ActiveCfg = Release|Win32
		{6501020E-AACB-437E-86FB-8F51513A36B9}.Release|Mixed Platforms.ActiveCfg = Release|Win32
		{6501020E-AACB-437E-86FB-8F51513A36B9}.Release|Mixed Platforms.Build.0 = Release|Win32
		{6501020E-AACB-437E-86FB-8F51513A36B9}.Release|Win32.ActiveCfg = Release|Win32
		{6501020E-AACB-437E-86FB-8F51513A36B9}.Release|Win32.Build.0 = Release|Win32
		{08C82ECB-DDC9-4B05-9133-EB69B926E75C}.Debug|Any CPU.ActiveCfg = Debug|Win32
		{08C82ECB-DDC9-4B05-9133-EB69B926E75C}.Debug|Mixed Platforms.ActiveCfg = Debug|Win32
		{08C82ECB-DDC9-4B05-9133-EB69B926E75C}.Debug|Mixed Platforms.Build.0 = Debug|Win32
		{08C82ECB-DDC9-4B05-9133-EB69B926E75C}.Debug|Win32.ActiveCfg = Debug|Win32
		{08C82ECB-DDC9-4B05-9133-EB69B926E75C}.Debug|Win32.Build.0 = Debug|Win32
		{08C82ECB-DDC9-4B05-9133-EB69B926E75C}.Release|Any CPU.ActiveCfg = Release|Win32
		{08C82ECB-DDC9-4B05-9133-EB69B926E75C}.Release|Mixed Platforms.ActiveCfg = Release|Win32
		{08C82ECB-DDC9-4B05-9133-EB69B926E75C}.Release|Mixed Platforms.Build.0 = Release|Win32
		{08C82ECB-DDC9-4B05-9133-EB69B926E75C}.Release|Win32.ActiveCfg = Release|Win32
		{08C82ECB-DDC9-4B05-9133-EB69B926E75C}.Release|Win32.Build.0 = Release|Win32
		{F46B62DB-D0A6-483E-8C1A-48141BED8E49}.Debug|Any CPU.ActiveCfg = Debug|Win32
		{F46B62DB-D0A6-483E-8C1A-48141BED8E49}.Debug|Mixed Platforms.ActiveCfg = Debug|Win32
		{F46B62DB-D0A6-483E-8C1A-48141BED8E49}.Debug|Mixed Platforms.Build.0 = Debug|Win32
		{F46B62DB-D0A6-483E-8C1A-48141BED8E49}.Debug|Win32.ActiveCfg = Debug|Win32
		{F46B62DB-D0A6-483E-8C1A-48141BED8E49}.Debug|Win32.Build.0 = Debug|Win32
		{F46B62DB-D0A6-483E-8C1A-48141BED8E49}.Release|Any CPU.ActiveCfg = Release|Win32
		{F46B62DB-D0A6-483E-8C1A-48141BED8E49}.Release|Mixed Platforms.ActiveCfg = Release|Win32
		{F46B62DB-D0A6-483E-8C1A-48141BED8E49}.Release|Mixed Platforms.Build.0 = Release|Win32
		{F46B62DB-D0A6-483E-8C1A-48141BED8E49}.Release|Win32.ActiveCfg = Release|Win32
		{F46B62DB-D0A6-483E-8C1A-48141BED8E49}.Release|Win32.Build.0 = Release|Win32
		{DB8659AE-0C62-4A3C-9ADB-8EAFD16F25E0}.Debug|Any CPU.ActiveCfg = Debug|Win32
		{DB8659AE-0C62-4A3C-9ADB-8EAFD16F25E0}.Debug|Mixed Platforms.ActiveCfg = Debug|Win32
		{DB8659AE-0C62-4A3C-9ADB-8EAFD16F25E0}.Debug|Mixed Platforms.Build.0 = Debug|Win32
		{DB8659AE-0C62-4A3C-9ADB-8EAFD16F25E0}.Debug|Win32.ActiveCfg = Debug|Win32
		{DB8659AE-0C62-4A3C-9ADB-8EAFD16F25E0}.Debug|Win32.Build.0 = Debug|Win32
		{DB8659AE-0C62-4A3C-9ADB-8EAFD16F25E0}.Release|Any CPU.ActiveCfg = Release|Win32
		{DB8659AE-0C62-4A3C-9ADB-8EAFD16F25E0}.Release|Mixed Platforms.ActiveCfg = Release|Win32
		{DB8659AE-0C62-4A3C-9ADB-8EAFD16F25E0}.Release|Mixed Platforms.Build.0 = Release|Win32
		{DB8659AE-0C62-4A3C-9ADB-8EAFD16F25E0}.Release|Win32.ActiveCfg = Release|Win32
		{DB8659AE-0C62-4A3C-9ADB-8EAFD16F25E0}.Release|Win32.Build.0 = Release|Win32
		{7E80AE8C-5A12-44B0-809A-3F2C02D899C7}.Debug|Any CPU.ActiveCfg = Debug|Win32
		{7E80AE8C-5A12-44B0-809A-3F2C02D899C7}.Debug|Mixed Platforms.ActiveCfg = Debug|Win32
		{7E80AE8C-5A12-44B0-809A-3F2C02D899C7}.Debug|Mixed Platforms.Build.0 = Debug|Win32
		{7E80AE8C-5A12-44B0-809A-3F2C02D899C7}.Debug|Win32.ActiveCfg = Debug|Win32
		{7E80AE8C-5A12-44B0-809A-3F2C02D899C7}.Release|Any CPU.ActiveCfg = Release|Win32
		{7E80AE8C-5A12-44B0-809A-3F2C02D899C7}.Release|Mixed Platforms.ActiveCfg = Release|Win32
		{7E80AE8C-5A12-44B0-809A-3F2C02D899C7}.Release|Mixed Platforms.Build.0 = Release|Win32
		{7E80AE8C-5A12-44B0-809A-3F2C02D899C7}.Release|Win32.ActiveCfg = Release|Win32
		{C4C29EAB-60D7-4860-91F8-17BFC76EC1F2}.Debug|Any CPU.ActiveCfg = Debug|Any CPU
		{C4C29EAB-60D7-4860-91F8-17BFC76EC1F2}.Debug|Any CPU.Build.0 = Debug|Any CPU
		{C4C29EAB-60D7-4860-91F8-17BFC76EC1F2}.Debug|Mixed Platforms.ActiveCfg = Debug|Any CPU
		{C4C29EAB-60D7-4860-91F8-17BFC76EC1F2}.Debug|Mixed Platforms.Build.0 = Debug|Any CPU
		{C4C29EAB-60D7-4860-91F8-17BFC76EC1F2}.Debug|Win32.ActiveCfg = Debug|Any CPU
		{C4C29EAB-60D7-4860-91F8-17BFC76EC1F2}.Release|Any CPU.ActiveCfg = Release|Any CPU
		{C4C29EAB-60D7-4860-91F8-17BFC76EC1F2}.Release|Any CPU.Build.0 = Release|Any CPU
		{C4C29EAB-60D7-4860-91F8-17BFC76EC1F2}.Release|Mixed Platforms.ActiveCfg = Release|Any CPU
		{C4C29EAB-60D7-4860-91F8-17BFC76EC1F2}.Release|Mixed Platforms.Build.0 = Release|Any CPU
		{C4C29EAB-60D7-4860-91F8-17BFC76EC1F2}.Release|Win32.ActiveCfg = Release|Any CPU
		{80EFBC74-A9AA-49B6-BBD9-E25CA19787C6}.Debug|Any CPU.ActiveCfg = Debug|Any CPU
		{80EFBC74-A9AA-49B6-BBD9-E25CA19787C6}.Debug|Any CPU.Build.0 = Debug|Any CPU
		{80EFBC74-A9AA-49B6-BBD9-E25CA19787C6}.Debug|Mixed Platforms.ActiveCfg = Debug|Any CPU
		{80EFBC74-A9AA-49B6-BBD9-E25CA19787C6}.Debug|Mixed Platforms.Build.0 = Debug|Any CPU
		{80EFBC74-A9AA-49B6-BBD9-E25CA19787C6}.Debug|Win32.ActiveCfg = Debug|Any CPU
		{80EFBC74-A9AA-49B6-BBD9-E25CA19787C6}.Release|Any CPU.ActiveCfg = Release|Any CPU
		{80EFBC74-A9AA-49B6-BBD9-E25CA19787C6}.Release|Any CPU.Build.0 = Release|Any CPU
		{80EFBC74-A9AA-49B6-BBD9-E25CA19787C6}.Release|Mixed Platforms.ActiveCfg = Release|Any CPU
		{80EFBC74-A9AA-49B6-BBD9-E25CA19787C6}.Release|Mixed Platforms.Build.0 = Release|Any CPU
		{80EFBC74-A9AA-49B6-BBD9-E25CA19787C6}.Release|Win32.ActiveCfg = Release|Any CPU
		{26A7F439-C6FF-4110-8CAE-E84A9C6CC748}.Debug|Any CPU.ActiveCfg = Debug|Any CPU
		{26A7F439-C6FF-4110-8CAE-E84A9C6CC748}.Debug|Any CPU.Build.0 = Debug|Any CPU
		{26A7F439-C6FF-4110-8CAE-E84A9C6CC748}.Debug|Mixed Platforms.ActiveCfg = Debug|Any CPU
		{26A7F439-C6FF-4110-8CAE-E84A9C6CC748}.Debug|Mixed Platforms.Build.0 = Debug|Any CPU
		{26A7F439-C6FF-4110-8CAE-E84A9C6CC748}.Debug|Win32.ActiveCfg = Debug|Any CPU
		{26A7F439-C6FF-4110-8CAE-E84A9C6CC748}.Release|Any CPU.ActiveCfg = Release|Any CPU
		{26A7F439-C6FF-4110-8CAE-E84A9C6CC748}.Release|Any CPU.Build.0 = Release|Any CPU
		{26A7F439-C6FF-4110-8CAE-E84A9C6CC748}.Release|Mixed Platforms.ActiveCfg = Release|Any CPU
		{26A7F439-C6FF-4110-8CAE-E84A9C6CC748}.Release|Mixed Platforms.Build.0 = Release|Any CPU
		{26A7F439-C6FF-4110-8CAE-E84A9C6CC748}.Release|Win32.ActiveCfg = Release|Any CPU
		{B6FFC4EA-0835-43DF-9168-8B08CBC495D3}.Debug|Any CPU.ActiveCfg = Debug|Any CPU
		{B6FFC4EA-0835-43DF-9168-8B08CBC495D3}.Debug|Any CPU.Build.0 = Debug|Any CPU
		{B6FFC4EA-0835-43DF-9168-8B08CBC495D3}.Debug|Mixed Platforms.ActiveCfg = Debug|Any CPU
		{B6FFC4EA-0835-43DF-9168-8B08CBC495D3}.Debug|Mixed Platforms.Build.0 = Debug|Any CPU
		{B6FFC4EA-0835-43DF-9168-8B08CBC495D3}.Debug|Win32.ActiveCfg = Debug|Any CPU
		{B6FFC4EA-0835-43DF-9168-8B08CBC495D3}.Release|Any CPU.ActiveCfg = Release|Any CPU
		{B6FFC4EA-0835-43DF-9168-8B08CBC495D3}.Release|Any CPU.Build.0 = Release|Any CPU
		{B6FFC4EA-0835-43DF-9168-8B08CBC495D3}.Release|Mixed Platforms.ActiveCfg = Release|Any CPU
		{B6FFC4EA-0835-43DF-9168-8B08CBC495D3}.Release|Mixed Platforms.Build.0 = Release|Any CPU
		{B6FFC4EA-0835-43DF-9168-8B08CBC495D3}.Release|Win32.ActiveCfg = Release|Any CPU
		{ADE03623-6E04-4CAF-A60C-1092DB1C6A6C}.Debug|Any CPU.ActiveCfg = Debug|Any CPU
		{ADE03623-6E04-4CAF-A60C-1092DB1C6A6C}.Debug|Any CPU.Build.0 = Debug|Any CPU
		{ADE03623-6E04-4CAF-A60C-1092DB1C6A6C}.Debug|Mixed Platforms.ActiveCfg = Debug|Any CPU
		{ADE03623-6E04-4CAF-A60C-1092DB1C6A6C}.Debug|Mixed Platforms.Build.0 = Debug|Any CPU
		{ADE03623-6E04-4CAF-A60C-1092DB1C6A6C}.Debug|Win32.ActiveCfg = Debug|Any CPU
		{ADE03623-6E04-4CAF-A60C-1092DB1C6A6C}.Release|Any CPU.ActiveCfg = Release|Any CPU
		{ADE03623-6E04-4CAF-A60C-1092DB1C6A6C}.Release|Any CPU.Build.0 = Release|Any CPU
		{ADE03623-6E04-4CAF-A60C-1092DB1C6A6C}.Release|Mixed Platforms.ActiveCfg = Release|Any CPU
		{ADE03623-6E04-4CAF-A60C-1092DB1C6A6C}.Release|Mixed Platforms.Build.0 = Release|Any CPU
		{ADE03623-6E04-4CAF-A60C-1092DB1C6A6C}.Release|Win32.ActiveCfg = Release|Any CPU
		{BC2EC464-62A5-40C6-845D-4F7074F8FDD4}.Debug|Any CPU.ActiveCfg = Debug|Any CPU
		{BC2EC464-62A5-40C6-845D-4F7074F8FDD4}.Debug|Any CPU.Build.0 = Debug|Any CPU
		{BC2EC464-62A5-40C6-845D-4F7074F8FDD4}.Debug|Mixed Platforms.ActiveCfg = Debug|Any CPU
		{BC2EC464-62A5-40C6-845D-4F7074F8FDD4}.Debug|Mixed Platforms.Build.0 = Debug|Any CPU
		{BC2EC464-62A5-40C6-845D-4F7074F8FDD4}.Debug|Win32.ActiveCfg = Debug|Any CPU
		{BC2EC464-62A5-40C6-845D-4F7074F8FDD4}.Release|Any CPU.ActiveCfg = Release|Any CPU
		{BC2EC464-62A5-40C6-845D-4F7074F8FDD4}.Release|Any CPU.Build.0 = Release|Any CPU
		{BC2EC464-62A5-40C6-845D-4F7074F8FDD4}.Release|Mixed Platforms.ActiveCfg = Release|Any CPU
		{BC2EC464-62A5-40C6-845D-4F7074F8FDD4}.Release|Mixed Platforms.Build.0 = Release|Any CPU
		{BC2EC464-62A5-40C6-845D-4F7074F8FDD4}.Release|Win32.ActiveCfg = Release|Any CPU
		{FB58340D-C644-47E9-B214-F3BD10BC2AEE}.Debug|Any CPU.ActiveCfg = Debug|Any CPU
		{FB58340D-C644-47E9-B214-F3BD10BC2AEE}.Debug|Any CPU.Build.0 = Debug|Any CPU
		{FB58340D-C644-47E9-B214-F3BD10BC2AEE}.Debug|Mixed Platforms.ActiveCfg = Debug|Any CPU
		{FB58340D-C644-47E9-B214-F3BD10BC2AEE}.Debug|Mixed Platforms.Build.0 = Debug|Any CPU
		{FB58340D-C644-47E9-B214-F3BD10BC2AEE}.Debug|Win32.ActiveCfg = Debug|Any CPU
		{FB58340D-C644-47E9-B214-F3BD10BC2AEE}.Release|Any CPU.ActiveCfg = Release|Any CPU
		{FB58340D-C644-47E9-B214-F3BD10BC2AEE}.Release|Any CPU.Build.0 = Release|Any CPU
		{FB58340D-C644-47E9-B214-F3BD10BC2AEE}.Release|Mixed Platforms.ActiveCfg = Release|Any CPU
		{FB58340D-C644-47E9-B214-F3BD10BC2AEE}.Release|Mixed Platforms.Build.0 = Release|Any CPU
		{FB58340D-C644-47E9-B214-F3BD10BC2AEE}.Release|Win32.ActiveCfg = Release|Any CPU
		{8AA1DFEC-BFE4-43B9-BE3F-72562688F708}.Debug|Any CPU.ActiveCfg = Debug|Win32
		{8AA1DFEC-BFE4-43B9-BE3F-72562688F708}.Debug|Mixed Platforms.ActiveCfg = Debug|Win32
		{8AA1DFEC-BFE4-43B9-BE3F-72562688F708}.Debug|Mixed Platforms.Build.0 = Debug|Win32
		{8AA1DFEC-BFE4-43B9-BE3F-72562688F708}.Debug|Win32.ActiveCfg = Debug|Win32
		{8AA1DFEC-BFE4-43B9-BE3F-72562688F708}.Debug|Win32.Build.0 = Debug|Win32
		{8AA1DFEC-BFE4-43B9-BE3F-72562688F708}.Release|Any CPU.ActiveCfg = Release|Win32
		{8AA1DFEC-BFE4-43B9-BE3F-72562688F708}.Release|Mixed Platforms.ActiveCfg = Release|Win32
		{8AA1DFEC-BFE4-43B9-BE3F-72562688F708}.Release|Mixed Platforms.Build.0 = Release|Win32
		{8AA1DFEC-BFE4-43B9-BE3F-72562688F708}.Release|Win32.ActiveCfg = Release|Win32
		{8AA1DFEC-BFE4-43B9-BE3F-72562688F708}.Release|Win32.Build.0 = Release|Win32
		{CB02204F-5D8E-4FE6-98E4-240DBB46423B}.Debug|Any CPU.ActiveCfg = Debug|Any CPU
		{CB02204F-5D8E-4FE6-98E4-240DBB46423B}.Debug|Any CPU.Build.0 = Debug|Any CPU
		{CB02204F-5D8E-4FE6-98E4-240DBB46423B}.Debug|Mixed Platforms.ActiveCfg = Debug|Any CPU
		{CB02204F-5D8E-4FE6-98E4-240DBB46423B}.Debug|Mixed Platforms.Build.0 = Debug|Any CPU
		{CB02204F-5D8E-4FE6-98E4-240DBB46423B}.Debug|Win32.ActiveCfg = Debug|Any CPU
		{CB02204F-5D8E-4FE6-98E4-240DBB46423B}.Release|Any CPU.ActiveCfg = Release|Any CPU
		{CB02204F-5D8E-4FE6-98E4-240DBB46423B}.Release|Any CPU.Build.0 = Release|Any CPU
		{CB02204F-5D8E-4FE6-98E4-240DBB46423B}.Release|Mixed Platforms.ActiveCfg = Release|Any CPU
		{CB02204F-5D8E-4FE6-98E4-240DBB46423B}.Release|Mixed Platforms.Build.0 = Release|Any CPU
		{CB02204F-5D8E-4FE6-98E4-240DBB46423B}.Release|Win32.ActiveCfg = Release|Any CPU
		{E4D4FB3B-7914-4B50-9A08-D10960D2F01F}.Debug|Any CPU.ActiveCfg = Debug|Win32
		{E4D4FB3B-7914-4B50-9A08-D10960D2F01F}.Debug|Mixed Platforms.ActiveCfg = Debug|Win32
		{E4D4FB3B-7914-4B50-9A08-D10960D2F01F}.Debug|Mixed Platforms.Build.0 = Debug|Win32
		{E4D4FB3B-7914-4B50-9A08-D10960D2F01F}.Debug|Win32.ActiveCfg = Debug|Win32
		{E4D4FB3B-7914-4B50-9A08-D10960D2F01F}.Debug|Win32.Build.0 = Debug|Win32
		{E4D4FB3B-7914-4B50-9A08-D10960D2F01F}.Release|Any CPU.ActiveCfg = Release|Win32
		{E4D4FB3B-7914-4B50-9A08-D10960D2F01F}.Release|Mixed Platforms.ActiveCfg = Release|Win32
		{E4D4FB3B-7914-4B50-9A08-D10960D2F01F}.Release|Mixed Platforms.Build.0 = Release|Win32
		{E4D4FB3B-7914-4B50-9A08-D10960D2F01F}.Release|Win32.ActiveCfg = Release|Win32
		{E4D4FB3B-7914-4B50-9A08-D10960D2F01F}.Release|Win32.Build.0 = Release|Win32
	EndGlobalSection
	GlobalSection(SolutionProperties) = preSolution
		HideSolutionNode = FALSE
	EndGlobalSection
	GlobalSection(NestedProjects) = preSolution
		{22DCD246-86B1-443A-86B4-11D16621A459} = {19B072A2-E172-433F-857A-FF471BF110C4}
		{49430066-8FB4-4215-A81C-3F98A38EB01C} = {19B072A2-E172-433F-857A-FF471BF110C4}
		{6501020E-AACB-437E-86FB-8F51513A36B9} = {A5D8BAFA-605A-4C8C-A863-9D92E7773D4C}
		{08C82ECB-DDC9-4B05-9133-EB69B926E75C} = {A5D8BAFA-605A-4C8C-A863-9D92E7773D4C}
		{F46B62DB-D0A6-483E-8C1A-48141BED8E49} = {A5D8BAFA-605A-4C8C-A863-9D92E7773D4C}
		{DB8659AE-0C62-4A3C-9ADB-8EAFD16F25E0} = {1B8EDB9A-9184-4B86-AB05-86954C930432}
		{7E80AE8C-5A12-44B0-809A-3F2C02D899C7} = {1B8EDB9A-9184-4B86-AB05-86954C930432}
		{C4C29EAB-60D7-4860-91F8-17BFC76EC1F2} = {128419CE-815C-4BB0-A382-5766B4B57076}
		{80EFBC74-A9AA-49B6-BBD9-E25CA19787C6} = {128419CE-815C-4BB0-A382-5766B4B57076}
		{26A7F439-C6FF-4110-8CAE-E84A9C6CC748} = {C6A4D8D0-B95E-4654-8021-60758C4E4E3B}
		{B6FFC4EA-0835-43DF-9168-8B08CBC495D3} = {C6A4D8D0-B95E-4654-8021-60758C4E4E3B}
		{ADE03623-6E04-4CAF-A60C-1092DB1C6A6C} = {5A458D67-2A1D-4701-B592-C535D789AB71}
		{BC2EC464-62A5-40C6-845D-4F7074F8FDD4} = {5A458D67-2A1D-4701-B592-C535D789AB71}
		{FB58340D-C644-47E9-B214-F3BD10BC2AEE} = {5A458D67-2A1D-4701-B592-C535D789AB71}
		{8AA1DFEC-BFE4-43B9-BE3F-72562688F708} = {FB3FEB23-3F16-41C3-91F9-3D3B33CA849B}
		{CB02204F-5D8E-4FE6-98E4-240DBB46423B} = {FB3FEB23-3F16-41C3-91F9-3D3B33CA849B}
		{E4D4FB3B-7914-4B50-9A08-D10960D2F01F} = {FB3FEB23-3F16-41C3-91F9-3D3B33CA849B}
	EndGlobalSection
EndGlobal
